
Microsoft Visual Studio Solution File, Format Version 12.00
# Visual Studio 15
VisualStudioVersion = 15.0.28010.2048
MinimumVisualStudioVersion = 10.0.40219.1
Project("{FAE04EC0-301F-11D3-BF4B-00C04F79EFBC}") = "Delegates", "LearningFromPercipio\Delegates.csproj", "{3049C650-2E5F-44AD-B968-9A65F61110B4}"
EndProject
Project("{FAE04EC0-301F-11D3-BF4B-00C04F79EFBC}") = "LambdaExpressions", "LambdaExpressions\LambdaExpressions.csproj", "{120AD514-86D1-4686-9B0A-0BE7F65BEE3C}"
EndProject
Project("{FAE04EC0-301F-11D3-BF4B-00C04F79EFBC}") = "SwitchStatements", "SwitchStatements\SwitchStatements.csproj", "{BD6D643F-5DFC-4AAD-A5E3-2AD3E4558C88}"
EndProject
Project("{FAE04EC0-301F-11D3-BF4B-00C04F79EFBC}") = "Statements", "Statements\Statements.csproj", "{706AD61B-CD1D-482C-8290-464A68304D28}"
EndProject
Project("{FAE04EC0-301F-11D3-BF4B-00C04F79EFBC}") = "Collections", "Collections\Collections.csproj", "{2806E796-5434-4548-ABD0-6BCBC727F8BF}"
EndProject
Global
	GlobalSection(SolutionConfigurationPlatforms) = preSolution
		Debug|Any CPU = Debug|Any CPU
		Release|Any CPU = Release|Any CPU
	EndGlobalSection
	GlobalSection(ProjectConfigurationPlatforms) = postSolution
		{3049C650-2E5F-44AD-B968-9A65F61110B4}.Debug|Any CPU.ActiveCfg = Debug|Any CPU
		{3049C650-2E5F-44AD-B968-9A65F61110B4}.Debug|Any CPU.Build.0 = Debug|Any CPU
		{3049C650-2E5F-44AD-B968-9A65F61110B4}.Release|Any CPU.ActiveCfg = Release|Any CPU
		{3049C650-2E5F-44AD-B968-9A65F61110B4}.Release|Any CPU.Build.0 = Release|Any CPU
		{120AD514-86D1-4686-9B0A-0BE7F65BEE3C}.Debug|Any CPU.ActiveCfg = Debug|Any CPU
		{120AD514-86D1-4686-9B0A-0BE7F65BEE3C}.Debug|Any CPU.Build.0 = Debug|Any CPU
		{120AD514-86D1-4686-9B0A-0BE7F65BEE3C}.Release|Any CPU.ActiveCfg = Release|Any CPU
		{120AD514-86D1-4686-9B0A-0BE7F65BEE3C}.Release|Any CPU.Build.0 = Release|Any CPU
		{BD6D643F-5DFC-4AAD-A5E3-2AD3E4558C88}.Debug|Any CPU.ActiveCfg = Debug|Any CPU
		{BD6D643F-5DFC-4AAD-A5E3-2AD3E4558C88}.Debug|Any CPU.Build.0 = Debug|Any CPU
		{BD6D643F-5DFC-4AAD-A5E3-2AD3E4558C88}.Release|Any CPU.ActiveCfg = Release|Any CPU
		{BD6D643F-5DFC-4AAD-A5E3-2AD3E4558C88}.Release|Any CPU.Build.0 = Release|Any CPU
		{706AD61B-CD1D-482C-8290-464A68304D28}.Debug|Any CPU.ActiveCfg = Debug|Any CPU
		{706AD61B-CD1D-482C-8290-464A68304D28}.Debug|Any CPU.Build.0 = Debug|Any CPU
		{706AD61B-CD1D-482C-8290-464A68304D28}.Release|Any CPU.ActiveCfg = Release|Any CPU
		{706AD61B-CD1D-482C-8290-464A68304D28}.Release|Any CPU.Build.0 = Release|Any CPU
		{2806E796-5434-4548-ABD0-6BCBC727F8BF}.Debug|Any CPU.ActiveCfg = Debug|Any CPU
		{2806E796-5434-4548-ABD0-6BCBC727F8BF}.Debug|Any CPU.Build.0 = Debug|Any CPU
		{2806E796-5434-4548-ABD0-6BCBC727F8BF}.Release|Any CPU.ActiveCfg = Release|Any CPU
		{2806E796-5434-4548-ABD0-6BCBC727F8BF}.Release|Any CPU.Build.0 = Release|Any CPU
	EndGlobalSection
	GlobalSection(SolutionProperties) = preSolution
		HideSolutionNode = FALSE
	EndGlobalSection
	GlobalSection(ExtensibilityGlobals) = postSolution
		SolutionGuid = {E1FEC366-C6D2-44E5-A523-072F46D61426}
	EndGlobalSection
EndGlobal
